
Microsoft Visual Studio Solution File, Format Version 12.00
# Visual Studio Version 16
VisualStudioVersion = 16.0.29613.14
MinimumVisualStudioVersion = 10.0.40219.1
Project("{FAE04EC0-301F-11D3-BF4B-00C04F79EFBC}") = "CurryLounge", "CurryLounge.csproj", "{F3C2055B-D5F9-42B8-9F8C-D25F192D50DE}"
EndProject
Global
	GlobalSection(SolutionConfigurationPlatforms) = preSolution
		Debug|Any CPU = Debug|Any CPU
		Release|Any CPU = Release|Any CPU
	EndGlobalSection
	GlobalSection(ProjectConfigurationPlatforms) = postSolution
		{F3C2055B-D5F9-42B8-9F8C-D25F192D50DE}.Debug|Any CPU.ActiveCfg = Debug|Any CPU
		{F3C2055B-D5F9-42B8-9F8C-D25F192D50DE}.Debug|Any CPU.Build.0 = Debug|Any CPU
		{F3C2055B-D5F9-42B8-9F8C-D25F192D50DE}.Release|Any CPU.ActiveCfg = Release|Any CPU
		{F3C2055B-D5F9-42B8-9F8C-D25F192D50DE}.Release|Any CPU.Build.0 = Release|Any CPU
	EndGlobalSection
	GlobalSection(SolutionProperties) = preSolution
		HideSolutionNode = FALSE
	EndGlobalSection
	GlobalSection(ExtensibilityGlobals) = postSolution
		SolutionGuid = {70DA9DE5-F31A-474B-99B8-0BC1D872AFA1}
	EndGlobalSection
EndGlobal
